
Microsoft Visual Studio Solution File, Format Version 12.00
# Visual Studio Version 17
VisualStudioVersion = 17.9.34616.47
MinimumVisualStudioVersion = 10.0.40219.1
Project("{FAE04EC0-301F-11D3-BF4B-00C04F79EFBC}") = "MyPortfolio", "MyPortfolio\MyPortfolio.csproj", "{6DBEE6F0-1FB9-4A8C-8897-1563F52E08B9}"
EndProject
Global
	GlobalSection(SolutionConfigurationPlatforms) = preSolution
		Debug|Any CPU = Debug|Any CPU
		Release|Any CPU = Release|Any CPU
	EndGlobalSection
	GlobalSection(ProjectConfigurationPlatforms) = postSolution
		{6DBEE6F0-1FB9-4A8C-8897-1563F52E08B9}.Debug|Any CPU.ActiveCfg = Debug|Any CPU
		{6DBEE6F0-1FB9-4A8C-8897-1563F52E08B9}.Debug|Any CPU.Build.0 = Debug|Any CPU
		{6DBEE6F0-1FB9-4A8C-8897-1563F52E08B9}.Release|Any CPU.ActiveCfg = Release|Any CPU
		{6DBEE6F0-1FB9-4A8C-8897-1563F52E08B9}.Release|Any CPU.Build.0 = Release|Any CPU
	EndGlobalSection
	GlobalSection(SolutionProperties) = preSolution
		HideSolutionNode = FALSE
	EndGlobalSection
	GlobalSection(ExtensibilityGlobals) = postSolution
		SolutionGuid = {56B6B9C6-DA49-4163-9A0E-42FB0788D62C}
	EndGlobalSection
EndGlobal
